
Microsoft Visual Studio Solution File, Format Version 12.00
# Visual Studio Version 17
VisualStudioVersion = 17.4.33103.184
MinimumVisualStudioVersion = 10.0.40219.1
Project("{9A19103F-16F7-4668-BE54-9A1E7A4F7556}") = "DataLayer", "DataLayer\DataLayer.csproj", "{FE0E1B87-3DEF-4DFC-B258-C9356AA0EE6D}"
EndProject
Project("{9A19103F-16F7-4668-BE54-9A1E7A4F7556}") = "BussinessLayer", "BussinessLayer\BussinessLayer.csproj", "{4A3D2078-9743-4D38-B569-D1B2C87AFB78}"
EndProject
Project("{9A19103F-16F7-4668-BE54-9A1E7A4F7556}") = "eStore", "eStore\eStore.csproj", "{483778B2-D071-404E-9F4C-C989259D2D85}"
EndProject
Project("{9A19103F-16F7-4668-BE54-9A1E7A4F7556}") = "eStoreClient", "eStoreClient\eStoreClient.csproj", "{96A2D010-7425-4474-A69B-9DB8F363136F}"
EndProject
Global
	GlobalSection(SolutionConfigurationPlatforms) = preSolution
		Debug|Any CPU = Debug|Any CPU
		Release|Any CPU = Release|Any CPU
	EndGlobalSection
	GlobalSection(ProjectConfigurationPlatforms) = postSolution
		{FE0E1B87-3DEF-4DFC-B258-C9356AA0EE6D}.Debug|Any CPU.ActiveCfg = Debug|Any CPU
		{FE0E1B87-3DEF-4DFC-B258-C9356AA0EE6D}.Debug|Any CPU.Build.0 = Debug|Any CPU
		{FE0E1B87-3DEF-4DFC-B258-C9356AA0EE6D}.Release|Any CPU.ActiveCfg = Release|Any CPU
		{FE0E1B87-3DEF-4DFC-B258-C9356AA0EE6D}.Release|Any CPU.Build.0 = Release|Any CPU
		{4A3D2078-9743-4D38-B569-D1B2C87AFB78}.Debug|Any CPU.ActiveCfg = Debug|Any CPU
		{4A3D2078-9743-4D38-B569-D1B2C87AFB78}.Debug|Any CPU.Build.0 = Debug|Any CPU
		{4A3D2078-9743-4D38-B569-D1B2C87AFB78}.Release|Any CPU.ActiveCfg = Release|Any CPU
		{4A3D2078-9743-4D38-B569-D1B2C87AFB78}.Release|Any CPU.Build.0 = Release|Any CPU
		{483778B2-D071-404E-9F4C-C989259D2D85}.Debug|Any CPU.ActiveCfg = Debug|Any CPU
		{483778B2-D071-404E-9F4C-C989259D2D85}.Debug|Any CPU.Build.0 = Debug|Any CPU
		{483778B2-D071-404E-9F4C-C989259D2D85}.Release|Any CPU.ActiveCfg = Release|Any CPU
		{483778B2-D071-404E-9F4C-C989259D2D85}.Release|Any CPU.Build.0 = Release|Any CPU
		{96A2D010-7425-4474-A69B-9DB8F363136F}.Debug|Any CPU.ActiveCfg = Debug|Any CPU
		{96A2D010-7425-4474-A69B-9DB8F363136F}.Debug|Any CPU.Build.0 = Debug|Any CPU
		{96A2D010-7425-4474-A69B-9DB8F363136F}.Release|Any CPU.ActiveCfg = Release|Any CPU
		{96A2D010-7425-4474-A69B-9DB8F363136F}.Release|Any CPU.Build.0 = Release|Any CPU
	EndGlobalSection
	GlobalSection(SolutionProperties) = preSolution
		HideSolutionNode = FALSE
	EndGlobalSection
	GlobalSection(ExtensibilityGlobals) = postSolution
		SolutionGuid = {D316D934-6BF4-40CC-B17E-CC39E7CA36EA}
	EndGlobalSection
EndGlobal
